
Microsoft Visual Studio Solution File, Format Version 12.00
# Visual Studio Version 17
VisualStudioVersion = 17.14.36511.14 d17.14
MinimumVisualStudioVersion = 10.0.40219.1
Project("{FAE04EC0-301F-11D3-BF4B-00C04F79EFBC}") = "Calculator", "Calculator\Calculator.csproj", "{BA5EBBA0-AB4E-4B79-A93A-F46C43B19B9E}"
EndProject
Global
	GlobalSection(SolutionConfigurationPlatforms) = preSolution
		Debug|Any CPU = Debug|Any CPU
		Release|Any CPU = Release|Any CPU
	EndGlobalSection
	GlobalSection(ProjectConfigurationPlatforms) = postSolution
		{BA5EBBA0-AB4E-4B79-A93A-F46C43B19B9E}.Debug|Any CPU.ActiveCfg = Debug|Any CPU
		{BA5EBBA0-AB4E-4B79-A93A-F46C43B19B9E}.Debug|Any CPU.Build.0 = Debug|Any CPU
		{BA5EBBA0-AB4E-4B79-A93A-F46C43B19B9E}.Release|Any CPU.ActiveCfg = Release|Any CPU
		{BA5EBBA0-AB4E-4B79-A93A-F46C43B19B9E}.Release|Any CPU.Build.0 = Release|Any CPU
	EndGlobalSection
	GlobalSection(SolutionProperties) = preSolution
		HideSolutionNode = FALSE
	EndGlobalSection
	GlobalSection(ExtensibilityGlobals) = postSolution
		SolutionGuid = {20BB5153-3CB5-4D80-80B9-25BC366A461D}
	EndGlobalSection
EndGlobal
